
Microsoft Visual Studio Solution File, Format Version 12.00
# Visual Studio 15
VisualStudioVersion = 15.0.28010.2003
MinimumVisualStudioVersion = 10.0.40219.1
Project("{FAE04EC0-301F-11D3-BF4B-00C04F79EFBC}") = "Assignment1", "Assignment1\Assignment1.csproj", "{DC566286-9F9B-446F-BD01-F37B1CEF5BA7}"
EndProject
Global
	GlobalSection(SolutionConfigurationPlatforms) = preSolution
		Debug|Any CPU = Debug|Any CPU
		Release|Any CPU = Release|Any CPU
	EndGlobalSection
	GlobalSection(ProjectConfigurationPlatforms) = postSolution
		{DC566286-9F9B-446F-BD01-F37B1CEF5BA7}.Debug|Any CPU.ActiveCfg = Debug|Any CPU
		{DC566286-9F9B-446F-BD01-F37B1CEF5BA7}.Debug|Any CPU.Build.0 = Debug|Any CPU
		{DC566286-9F9B-446F-BD01-F37B1CEF5BA7}.Release|Any CPU.ActiveCfg = Release|Any CPU
		{DC566286-9F9B-446F-BD01-F37B1CEF5BA7}.Release|Any CPU.Build.0 = Release|Any CPU
	EndGlobalSection
	GlobalSection(SolutionProperties) = preSolution
		HideSolutionNode = FALSE
	EndGlobalSection
	GlobalSection(ExtensibilityGlobals) = postSolution
		SolutionGuid = {77B34325-94D2-4217-9E9D-7D95FA71D42F}
	EndGlobalSection
EndGlobal
